
Microsoft Visual Studio Solution File, Format Version 12.00
# Visual Studio Version 17
VisualStudioVersion = 17.2.32630.192
MinimumVisualStudioVersion = 10.0.40219.1
Project("{FAE04EC0-301F-11D3-BF4B-00C04F79EFBC}") = "CarManufacturer", "CarManufacturer\CarManufacturer.csproj", "{2F5CE936-5564-4FE1-875F-C073BFB1AD4A}"
EndProject
Global
	GlobalSection(SolutionConfigurationPlatforms) = preSolution
		Debug|Any CPU = Debug|Any CPU
		Release|Any CPU = Release|Any CPU
	EndGlobalSection
	GlobalSection(ProjectConfigurationPlatforms) = postSolution
		{2F5CE936-5564-4FE1-875F-C073BFB1AD4A}.Debug|Any CPU.ActiveCfg = Debug|Any CPU
		{2F5CE936-5564-4FE1-875F-C073BFB1AD4A}.Debug|Any CPU.Build.0 = Debug|Any CPU
		{2F5CE936-5564-4FE1-875F-C073BFB1AD4A}.Release|Any CPU.ActiveCfg = Release|Any CPU
		{2F5CE936-5564-4FE1-875F-C073BFB1AD4A}.Release|Any CPU.Build.0 = Release|Any CPU
	EndGlobalSection
	GlobalSection(SolutionProperties) = preSolution
		HideSolutionNode = FALSE
	EndGlobalSection
	GlobalSection(ExtensibilityGlobals) = postSolution
		SolutionGuid = {2A5F1197-E9F8-4196-8E55-6B2D17AD6AED}
	EndGlobalSection
EndGlobal
