
Microsoft Visual Studio Solution File, Format Version 12.00
# Visual Studio Version 17
VisualStudioVersion = 17.2.32630.192
MinimumVisualStudioVersion = 10.0.40219.1
Project("{FAE04EC0-301F-11D3-BF4B-00C04F79EFBC}") = "Reader and Writer", "Reader and Writer\Reader and Writer.csproj", "{5314CFB9-9CE0-467F-9E83-A0F75D8F7AC4}"
EndProject
Project("{FAE04EC0-301F-11D3-BF4B-00C04F79EFBC}") = "Writer Example", "Writer Example\Writer Example.csproj", "{483FB746-F534-41D0-84B2-DD69592F062C}"
EndProject
Global
	GlobalSection(SolutionConfigurationPlatforms) = preSolution
		Debug|Any CPU = Debug|Any CPU
		Release|Any CPU = Release|Any CPU
	EndGlobalSection
	GlobalSection(ProjectConfigurationPlatforms) = postSolution
		{5314CFB9-9CE0-467F-9E83-A0F75D8F7AC4}.Debug|Any CPU.ActiveCfg = Debug|Any CPU
		{5314CFB9-9CE0-467F-9E83-A0F75D8F7AC4}.Debug|Any CPU.Build.0 = Debug|Any CPU
		{5314CFB9-9CE0-467F-9E83-A0F75D8F7AC4}.Release|Any CPU.ActiveCfg = Release|Any CPU
		{5314CFB9-9CE0-467F-9E83-A0F75D8F7AC4}.Release|Any CPU.Build.0 = Release|Any CPU
		{483FB746-F534-41D0-84B2-DD69592F062C}.Debug|Any CPU.ActiveCfg = Debug|Any CPU
		{483FB746-F534-41D0-84B2-DD69592F062C}.Debug|Any CPU.Build.0 = Debug|Any CPU
		{483FB746-F534-41D0-84B2-DD69592F062C}.Release|Any CPU.ActiveCfg = Release|Any CPU
		{483FB746-F534-41D0-84B2-DD69592F062C}.Release|Any CPU.Build.0 = Release|Any CPU
	EndGlobalSection
	GlobalSection(SolutionProperties) = preSolution
		HideSolutionNode = FALSE
	EndGlobalSection
	GlobalSection(ExtensibilityGlobals) = postSolution
		SolutionGuid = {F51990A0-0C20-440D-B99B-866928899414}
	EndGlobalSection
EndGlobal
