
Microsoft Visual Studio Solution File, Format Version 12.00
# Visual Studio Version 17
VisualStudioVersion = 17.2.32630.192
MinimumVisualStudioVersion = 10.0.40219.1
Project("{FAE04EC0-301F-11D3-BF4B-00C04F79EFBC}") = "06. Reverse And Exclude", "06. Reverse And Exclude\06. Reverse And Exclude.csproj", "{04D98B36-CF05-4CB7-A9C3-1F41E1624B29}"
EndProject
Global
	GlobalSection(SolutionConfigurationPlatforms) = preSolution
		Debug|Any CPU = Debug|Any CPU
		Release|Any CPU = Release|Any CPU
	EndGlobalSection
	GlobalSection(ProjectConfigurationPlatforms) = postSolution
		{04D98B36-CF05-4CB7-A9C3-1F41E1624B29}.Debug|Any CPU.ActiveCfg = Debug|Any CPU
		{04D98B36-CF05-4CB7-A9C3-1F41E1624B29}.Debug|Any CPU.Build.0 = Debug|Any CPU
		{04D98B36-CF05-4CB7-A9C3-1F41E1624B29}.Release|Any CPU.ActiveCfg = Release|Any CPU
		{04D98B36-CF05-4CB7-A9C3-1F41E1624B29}.Release|Any CPU.Build.0 = Release|Any CPU
	EndGlobalSection
	GlobalSection(SolutionProperties) = preSolution
		HideSolutionNode = FALSE
	EndGlobalSection
	GlobalSection(ExtensibilityGlobals) = postSolution
		SolutionGuid = {E0640199-1FA4-48A4-B2B1-33172B92BA5D}
	EndGlobalSection
EndGlobal
