
Microsoft Visual Studio Solution File, Format Version 12.00
# Visual Studio Version 17
VisualStudioVersion = 17.2.32630.192
MinimumVisualStudioVersion = 10.0.40219.1
Project("{FAE04EC0-301F-11D3-BF4B-00C04F79EFBC}") = "01. Food Finder", "01. Food Finder\01. Food Finder.csproj", "{23FF1AF1-557A-4023-8B55-6E320709B07E}"
EndProject
Project("{FAE04EC0-301F-11D3-BF4B-00C04F79EFBC}") = "exercise", "exercise\exercise.csproj", "{C177187B-6B1A-46E7-82A1-0561C4AA8403}"
EndProject
Global
	GlobalSection(SolutionConfigurationPlatforms) = preSolution
		Debug|Any CPU = Debug|Any CPU
		Release|Any CPU = Release|Any CPU
	EndGlobalSection
	GlobalSection(ProjectConfigurationPlatforms) = postSolution
		{23FF1AF1-557A-4023-8B55-6E320709B07E}.Debug|Any CPU.ActiveCfg = Debug|Any CPU
		{23FF1AF1-557A-4023-8B55-6E320709B07E}.Debug|Any CPU.Build.0 = Debug|Any CPU
		{23FF1AF1-557A-4023-8B55-6E320709B07E}.Release|Any CPU.ActiveCfg = Release|Any CPU
		{23FF1AF1-557A-4023-8B55-6E320709B07E}.Release|Any CPU.Build.0 = Release|Any CPU
		{C177187B-6B1A-46E7-82A1-0561C4AA8403}.Debug|Any CPU.ActiveCfg = Debug|Any CPU
		{C177187B-6B1A-46E7-82A1-0561C4AA8403}.Debug|Any CPU.Build.0 = Debug|Any CPU
		{C177187B-6B1A-46E7-82A1-0561C4AA8403}.Release|Any CPU.ActiveCfg = Release|Any CPU
		{C177187B-6B1A-46E7-82A1-0561C4AA8403}.Release|Any CPU.Build.0 = Release|Any CPU
	EndGlobalSection
	GlobalSection(SolutionProperties) = preSolution
		HideSolutionNode = FALSE
	EndGlobalSection
	GlobalSection(ExtensibilityGlobals) = postSolution
		SolutionGuid = {2499DD20-A61E-4E28-B32B-2C647B433DB6}
	EndGlobalSection
EndGlobal
