
Microsoft Visual Studio Solution File, Format Version 12.00
# Visual Studio Version 17
VisualStudioVersion = 17.2.32630.192
MinimumVisualStudioVersion = 10.0.40219.1
Project("{FAE04EC0-301F-11D3-BF4B-00C04F79EFBC}") = "tupata 7ma zadacha", "tupata 7ma zadacha\tupata 7ma zadacha.csproj", "{A3D19AD6-11F7-4280-8661-EE00021D2899}"
EndProject
Global
	GlobalSection(SolutionConfigurationPlatforms) = preSolution
		Debug|Any CPU = Debug|Any CPU
		Release|Any CPU = Release|Any CPU
	EndGlobalSection
	GlobalSection(ProjectConfigurationPlatforms) = postSolution
		{A3D19AD6-11F7-4280-8661-EE00021D2899}.Debug|Any CPU.ActiveCfg = Debug|Any CPU
		{A3D19AD6-11F7-4280-8661-EE00021D2899}.Debug|Any CPU.Build.0 = Debug|Any CPU
		{A3D19AD6-11F7-4280-8661-EE00021D2899}.Release|Any CPU.ActiveCfg = Release|Any CPU
		{A3D19AD6-11F7-4280-8661-EE00021D2899}.Release|Any CPU.Build.0 = Release|Any CPU
	EndGlobalSection
	GlobalSection(SolutionProperties) = preSolution
		HideSolutionNode = FALSE
	EndGlobalSection
	GlobalSection(ExtensibilityGlobals) = postSolution
		SolutionGuid = {28B69414-8FEE-4626-87BE-8119C1473F91}
	EndGlobalSection
EndGlobal
