
Microsoft Visual Studio Solution File, Format Version 12.00
# Visual Studio Version 17
VisualStudioVersion = 17.2.32630.192
MinimumVisualStudioVersion = 10.0.40219.1
Project("{FAE04EC0-301F-11D3-BF4B-00C04F79EFBC}") = "01. Odd Lines", "01. Odd Lines\01. Odd Lines.csproj", "{E3E47BE8-6C8A-4226-A5BD-4DBF4DF9169D}"
EndProject
Global
	GlobalSection(SolutionConfigurationPlatforms) = preSolution
		Debug|Any CPU = Debug|Any CPU
		Release|Any CPU = Release|Any CPU
	EndGlobalSection
	GlobalSection(ProjectConfigurationPlatforms) = postSolution
		{E3E47BE8-6C8A-4226-A5BD-4DBF4DF9169D}.Debug|Any CPU.ActiveCfg = Debug|Any CPU
		{E3E47BE8-6C8A-4226-A5BD-4DBF4DF9169D}.Debug|Any CPU.Build.0 = Debug|Any CPU
		{E3E47BE8-6C8A-4226-A5BD-4DBF4DF9169D}.Release|Any CPU.ActiveCfg = Release|Any CPU
		{E3E47BE8-6C8A-4226-A5BD-4DBF4DF9169D}.Release|Any CPU.Build.0 = Release|Any CPU
	EndGlobalSection
	GlobalSection(SolutionProperties) = preSolution
		HideSolutionNode = FALSE
	EndGlobalSection
	GlobalSection(ExtensibilityGlobals) = postSolution
		SolutionGuid = {51B79E39-C888-4924-9430-EB6830149020}
	EndGlobalSection
EndGlobal
