
Microsoft Visual Studio Solution File, Format Version 12.00
# Visual Studio Version 17
VisualStudioVersion = 17.2.32630.192
MinimumVisualStudioVersion = 10.0.40219.1
Project("{FAE04EC0-301F-11D3-BF4B-00C04F79EFBC}") = "04. Product Shop", "04. Product Shop\04. Product Shop.csproj", "{5AFE05CE-165A-4814-8EC6-62CA6EA2008A}"
EndProject
Global
	GlobalSection(SolutionConfigurationPlatforms) = preSolution
		Debug|Any CPU = Debug|Any CPU
		Release|Any CPU = Release|Any CPU
	EndGlobalSection
	GlobalSection(ProjectConfigurationPlatforms) = postSolution
		{5AFE05CE-165A-4814-8EC6-62CA6EA2008A}.Debug|Any CPU.ActiveCfg = Debug|Any CPU
		{5AFE05CE-165A-4814-8EC6-62CA6EA2008A}.Debug|Any CPU.Build.0 = Debug|Any CPU
		{5AFE05CE-165A-4814-8EC6-62CA6EA2008A}.Release|Any CPU.ActiveCfg = Release|Any CPU
		{5AFE05CE-165A-4814-8EC6-62CA6EA2008A}.Release|Any CPU.Build.0 = Release|Any CPU
	EndGlobalSection
	GlobalSection(SolutionProperties) = preSolution
		HideSolutionNode = FALSE
	EndGlobalSection
	GlobalSection(ExtensibilityGlobals) = postSolution
		SolutionGuid = {F5B857F1-F1AB-422B-BC3F-6D021E9935CB}
	EndGlobalSection
EndGlobal
