
Microsoft Visual Studio Solution File, Format Version 12.00
# Visual Studio Version 17
VisualStudioVersion = 17.2.32630.192
MinimumVisualStudioVersion = 10.0.40219.1
Project("{9A19103F-16F7-4668-BE54-9A1E7A4F7556}") = "03. Renovators", "03. Renovators\03. Renovators.csproj", "{FA5F16BE-B46F-46F0-8B00-A1C814B161D0}"
EndProject
Project("{9A19103F-16F7-4668-BE54-9A1E7A4F7556}") = "Renovators", "..\..\..\..\..\..\Downloads\Renovators-Skeleton\Renovators.csproj", "{26CFDFEA-BD05-4024-9FAF-BE6E726D34A2}"
EndProject
Global
	GlobalSection(SolutionConfigurationPlatforms) = preSolution
		Debug|Any CPU = Debug|Any CPU
		Release|Any CPU = Release|Any CPU
	EndGlobalSection
	GlobalSection(ProjectConfigurationPlatforms) = postSolution
		{FA5F16BE-B46F-46F0-8B00-A1C814B161D0}.Debug|Any CPU.ActiveCfg = Debug|Any CPU
		{FA5F16BE-B46F-46F0-8B00-A1C814B161D0}.Debug|Any CPU.Build.0 = Debug|Any CPU
		{FA5F16BE-B46F-46F0-8B00-A1C814B161D0}.Release|Any CPU.ActiveCfg = Release|Any CPU
		{FA5F16BE-B46F-46F0-8B00-A1C814B161D0}.Release|Any CPU.Build.0 = Release|Any CPU
		{26CFDFEA-BD05-4024-9FAF-BE6E726D34A2}.Debug|Any CPU.ActiveCfg = Debug|Any CPU
		{26CFDFEA-BD05-4024-9FAF-BE6E726D34A2}.Debug|Any CPU.Build.0 = Debug|Any CPU
		{26CFDFEA-BD05-4024-9FAF-BE6E726D34A2}.Release|Any CPU.ActiveCfg = Release|Any CPU
		{26CFDFEA-BD05-4024-9FAF-BE6E726D34A2}.Release|Any CPU.Build.0 = Release|Any CPU
	EndGlobalSection
	GlobalSection(SolutionProperties) = preSolution
		HideSolutionNode = FALSE
	EndGlobalSection
	GlobalSection(ExtensibilityGlobals) = postSolution
		SolutionGuid = {AF8352EC-6696-4EE5-84D7-73311A5C2F43}
	EndGlobalSection
EndGlobal
