
Microsoft Visual Studio Solution File, Format Version 12.00
# Visual Studio Version 17
VisualStudioVersion = 17.2.32630.192
MinimumVisualStudioVersion = 10.0.40219.1
Project("{FAE04EC0-301F-11D3-BF4B-00C04F79EFBC}") = "01. Tiles Master", "01. Tiles Master\01. Tiles Master.csproj", "{587CEA15-116B-4581-BF21-BEE1DA1A3214}"
EndProject
Global
	GlobalSection(SolutionConfigurationPlatforms) = preSolution
		Debug|Any CPU = Debug|Any CPU
		Release|Any CPU = Release|Any CPU
	EndGlobalSection
	GlobalSection(ProjectConfigurationPlatforms) = postSolution
		{587CEA15-116B-4581-BF21-BEE1DA1A3214}.Debug|Any CPU.ActiveCfg = Debug|Any CPU
		{587CEA15-116B-4581-BF21-BEE1DA1A3214}.Debug|Any CPU.Build.0 = Debug|Any CPU
		{587CEA15-116B-4581-BF21-BEE1DA1A3214}.Release|Any CPU.ActiveCfg = Release|Any CPU
		{587CEA15-116B-4581-BF21-BEE1DA1A3214}.Release|Any CPU.Build.0 = Release|Any CPU
	EndGlobalSection
	GlobalSection(SolutionProperties) = preSolution
		HideSolutionNode = FALSE
	EndGlobalSection
	GlobalSection(ExtensibilityGlobals) = postSolution
		SolutionGuid = {52AA2844-03F7-47C4-A005-A14767DECFC9}
	EndGlobalSection
EndGlobal
