
Microsoft Visual Studio Solution File, Format Version 12.00
# Visual Studio Version 17
VisualStudioVersion = 17.2.32630.192
MinimumVisualStudioVersion = 10.0.40219.1
Project("{FAE04EC0-301F-11D3-BF4B-00C04F79EFBC}") = "10. Party Reservation Filter Module", "10. Party Reservation Filter Module\10. Party Reservation Filter Module.csproj", "{914A0235-65CA-494A-905E-B7CC75DD90FF}"
EndProject
Global
	GlobalSection(SolutionConfigurationPlatforms) = preSolution
		Debug|Any CPU = Debug|Any CPU
		Release|Any CPU = Release|Any CPU
	EndGlobalSection
	GlobalSection(ProjectConfigurationPlatforms) = postSolution
		{914A0235-65CA-494A-905E-B7CC75DD90FF}.Debug|Any CPU.ActiveCfg = Debug|Any CPU
		{914A0235-65CA-494A-905E-B7CC75DD90FF}.Debug|Any CPU.Build.0 = Debug|Any CPU
		{914A0235-65CA-494A-905E-B7CC75DD90FF}.Release|Any CPU.ActiveCfg = Release|Any CPU
		{914A0235-65CA-494A-905E-B7CC75DD90FF}.Release|Any CPU.Build.0 = Release|Any CPU
	EndGlobalSection
	GlobalSection(SolutionProperties) = preSolution
		HideSolutionNode = FALSE
	EndGlobalSection
	GlobalSection(ExtensibilityGlobals) = postSolution
		SolutionGuid = {84B618BA-7ACE-4F3A-A7AD-60BD219F1489}
	EndGlobalSection
EndGlobal
