
Microsoft Visual Studio Solution File, Format Version 12.00
# Visual Studio Version 17
VisualStudioVersion = 17.2.32630.192
MinimumVisualStudioVersion = 10.0.40219.1
Project("{FAE04EC0-301F-11D3-BF4B-00C04F79EFBC}") = "05. Applied Arithmetics", "05. Applied Arithmetics\05. Applied Arithmetics.csproj", "{7EE373AF-51AE-4906-989E-D9FE227D20D5}"
EndProject
Global
	GlobalSection(SolutionConfigurationPlatforms) = preSolution
		Debug|Any CPU = Debug|Any CPU
		Release|Any CPU = Release|Any CPU
	EndGlobalSection
	GlobalSection(ProjectConfigurationPlatforms) = postSolution
		{7EE373AF-51AE-4906-989E-D9FE227D20D5}.Debug|Any CPU.ActiveCfg = Debug|Any CPU
		{7EE373AF-51AE-4906-989E-D9FE227D20D5}.Debug|Any CPU.Build.0 = Debug|Any CPU
		{7EE373AF-51AE-4906-989E-D9FE227D20D5}.Release|Any CPU.ActiveCfg = Release|Any CPU
		{7EE373AF-51AE-4906-989E-D9FE227D20D5}.Release|Any CPU.Build.0 = Release|Any CPU
	EndGlobalSection
	GlobalSection(SolutionProperties) = preSolution
		HideSolutionNode = FALSE
	EndGlobalSection
	GlobalSection(ExtensibilityGlobals) = postSolution
		SolutionGuid = {4D2AF28E-B7B2-4DE3-9606-2E869B6DC4AA}
	EndGlobalSection
EndGlobal
