
Microsoft Visual Studio Solution File, Format Version 12.00
# Visual Studio Version 17
VisualStudioVersion = 17.2.32630.192
MinimumVisualStudioVersion = 10.0.40219.1
Project("{FAE04EC0-301F-11D3-BF4B-00C04F79EFBC}") = "04. Matrix Shuffling", "04. Matrix Shuffling\04. Matrix Shuffling.csproj", "{B9CC22EE-C62B-4728-958B-0F1EF059DD85}"
EndProject
Global
	GlobalSection(SolutionConfigurationPlatforms) = preSolution
		Debug|Any CPU = Debug|Any CPU
		Release|Any CPU = Release|Any CPU
	EndGlobalSection
	GlobalSection(ProjectConfigurationPlatforms) = postSolution
		{B9CC22EE-C62B-4728-958B-0F1EF059DD85}.Debug|Any CPU.ActiveCfg = Debug|Any CPU
		{B9CC22EE-C62B-4728-958B-0F1EF059DD85}.Debug|Any CPU.Build.0 = Debug|Any CPU
		{B9CC22EE-C62B-4728-958B-0F1EF059DD85}.Release|Any CPU.ActiveCfg = Release|Any CPU
		{B9CC22EE-C62B-4728-958B-0F1EF059DD85}.Release|Any CPU.Build.0 = Release|Any CPU
	EndGlobalSection
	GlobalSection(SolutionProperties) = preSolution
		HideSolutionNode = FALSE
	EndGlobalSection
	GlobalSection(ExtensibilityGlobals) = postSolution
		SolutionGuid = {9E7658D2-4B0B-42E9-B379-C5510C3654ED}
	EndGlobalSection
EndGlobal
