
Microsoft Visual Studio Solution File, Format Version 12.00
# Visual Studio Version 17
VisualStudioVersion = 17.2.32630.192
MinimumVisualStudioVersion = 10.0.40219.1
Project("{FAE04EC0-301F-11D3-BF4B-00C04F79EFBC}") = "06. Jagged Array Manipulator", "06. Jagged Array Manipulator\06. Jagged Array Manipulator.csproj", "{93DCF58C-3294-4307-8DFC-10CB3FFDC5D4}"
EndProject
Global
	GlobalSection(SolutionConfigurationPlatforms) = preSolution
		Debug|Any CPU = Debug|Any CPU
		Release|Any CPU = Release|Any CPU
	EndGlobalSection
	GlobalSection(ProjectConfigurationPlatforms) = postSolution
		{93DCF58C-3294-4307-8DFC-10CB3FFDC5D4}.Debug|Any CPU.ActiveCfg = Debug|Any CPU
		{93DCF58C-3294-4307-8DFC-10CB3FFDC5D4}.Debug|Any CPU.Build.0 = Debug|Any CPU
		{93DCF58C-3294-4307-8DFC-10CB3FFDC5D4}.Release|Any CPU.ActiveCfg = Release|Any CPU
		{93DCF58C-3294-4307-8DFC-10CB3FFDC5D4}.Release|Any CPU.Build.0 = Release|Any CPU
	EndGlobalSection
	GlobalSection(SolutionProperties) = preSolution
		HideSolutionNode = FALSE
	EndGlobalSection
	GlobalSection(ExtensibilityGlobals) = postSolution
		SolutionGuid = {D12EE8A1-4A3D-4C22-AB6B-60438EF21DDC}
	EndGlobalSection
EndGlobal
