
Microsoft Visual Studio Solution File, Format Version 12.00
# Visual Studio Version 17
VisualStudioVersion = 17.2.32630.192
MinimumVisualStudioVersion = 10.0.40219.1
Project("{FAE04EC0-301F-11D3-BF4B-00C04F79EFBC}") = "Loot box", "Loot box\Loot box.csproj", "{48EEEE87-84BA-475C-9159-D110F78A0FB5}"
EndProject
Global
	GlobalSection(SolutionConfigurationPlatforms) = preSolution
		Debug|Any CPU = Debug|Any CPU
		Release|Any CPU = Release|Any CPU
	EndGlobalSection
	GlobalSection(ProjectConfigurationPlatforms) = postSolution
		{48EEEE87-84BA-475C-9159-D110F78A0FB5}.Debug|Any CPU.ActiveCfg = Debug|Any CPU
		{48EEEE87-84BA-475C-9159-D110F78A0FB5}.Debug|Any CPU.Build.0 = Debug|Any CPU
		{48EEEE87-84BA-475C-9159-D110F78A0FB5}.Release|Any CPU.ActiveCfg = Release|Any CPU
		{48EEEE87-84BA-475C-9159-D110F78A0FB5}.Release|Any CPU.Build.0 = Release|Any CPU
	EndGlobalSection
	GlobalSection(SolutionProperties) = preSolution
		HideSolutionNode = FALSE
	EndGlobalSection
	GlobalSection(ExtensibilityGlobals) = postSolution
		SolutionGuid = {1358B3EF-0AED-44AF-9BE7-00649870BFA8}
	EndGlobalSection
EndGlobal
