
Microsoft Visual Studio Solution File, Format Version 12.00
# Visual Studio Version 17
VisualStudioVersion = 17.2.32630.192
MinimumVisualStudioVersion = 10.0.40219.1
Project("{FAE04EC0-301F-11D3-BF4B-00C04F79EFBC}") = "01. Sort Even Numbers", "01. Sort Even Numbers\01. Sort Even Numbers.csproj", "{8D97AEAC-DE91-44F9-9B4A-2E6289139A57}"
EndProject
Global
	GlobalSection(SolutionConfigurationPlatforms) = preSolution
		Debug|Any CPU = Debug|Any CPU
		Release|Any CPU = Release|Any CPU
	EndGlobalSection
	GlobalSection(ProjectConfigurationPlatforms) = postSolution
		{8D97AEAC-DE91-44F9-9B4A-2E6289139A57}.Debug|Any CPU.ActiveCfg = Debug|Any CPU
		{8D97AEAC-DE91-44F9-9B4A-2E6289139A57}.Debug|Any CPU.Build.0 = Debug|Any CPU
		{8D97AEAC-DE91-44F9-9B4A-2E6289139A57}.Release|Any CPU.ActiveCfg = Release|Any CPU
		{8D97AEAC-DE91-44F9-9B4A-2E6289139A57}.Release|Any CPU.Build.0 = Release|Any CPU
	EndGlobalSection
	GlobalSection(SolutionProperties) = preSolution
		HideSolutionNode = FALSE
	EndGlobalSection
	GlobalSection(ExtensibilityGlobals) = postSolution
		SolutionGuid = {29F34EB3-B782-473F-9D1A-DCE68886DAFE}
	EndGlobalSection
EndGlobal
