
Microsoft Visual Studio Solution File, Format Version 12.00
# Visual Studio Version 17
VisualStudioVersion = 17.2.32630.192
MinimumVisualStudioVersion = 10.0.40219.1
Project("{FAE04EC0-301F-11D3-BF4B-00C04F79EFBC}") = "08. SoftUni Party", "08. SoftUni Party\08. SoftUni Party.csproj", "{DD7A3EB3-75F7-4427-A0A9-82C0C9974E6C}"
EndProject
Project("{FAE04EC0-301F-11D3-BF4B-00C04F79EFBC}") = "ConsoleApp1", "ConsoleApp1\ConsoleApp1.csproj", "{CD2E9A99-96E5-4DB6-8D21-787AB6EB2D02}"
EndProject
Global
	GlobalSection(SolutionConfigurationPlatforms) = preSolution
		Debug|Any CPU = Debug|Any CPU
		Release|Any CPU = Release|Any CPU
	EndGlobalSection
	GlobalSection(ProjectConfigurationPlatforms) = postSolution
		{DD7A3EB3-75F7-4427-A0A9-82C0C9974E6C}.Debug|Any CPU.ActiveCfg = Debug|Any CPU
		{DD7A3EB3-75F7-4427-A0A9-82C0C9974E6C}.Debug|Any CPU.Build.0 = Debug|Any CPU
		{DD7A3EB3-75F7-4427-A0A9-82C0C9974E6C}.Release|Any CPU.ActiveCfg = Release|Any CPU
		{DD7A3EB3-75F7-4427-A0A9-82C0C9974E6C}.Release|Any CPU.Build.0 = Release|Any CPU
		{CD2E9A99-96E5-4DB6-8D21-787AB6EB2D02}.Debug|Any CPU.ActiveCfg = Debug|Any CPU
		{CD2E9A99-96E5-4DB6-8D21-787AB6EB2D02}.Debug|Any CPU.Build.0 = Debug|Any CPU
		{CD2E9A99-96E5-4DB6-8D21-787AB6EB2D02}.Release|Any CPU.ActiveCfg = Release|Any CPU
		{CD2E9A99-96E5-4DB6-8D21-787AB6EB2D02}.Release|Any CPU.Build.0 = Release|Any CPU
	EndGlobalSection
	GlobalSection(SolutionProperties) = preSolution
		HideSolutionNode = FALSE
	EndGlobalSection
	GlobalSection(ExtensibilityGlobals) = postSolution
		SolutionGuid = {5702E38E-AB25-439C-8FF3-2BDAA773EEAB}
	EndGlobalSection
EndGlobal
